// !$*UTF8*$!
{
	archiveVersion = 1;
	classes = {
	};
	objectVersion = 46;
	objects = {

/* Begin PBXBuildFile section */
		D0E7BBF71E4E2D8700A5E235 /* AppDelegate.swift in Sources */ = {isa = PBXBuildFile; fileRef = D0E7BBF61E4E2D8700A5E235 /* AppDelegate.swift */; };
		D0E7BBF91E4E2D8700A5E235 /* ViewController.swift in Sources */ = {isa = PBXBuildFile; fileRef = D0E7BBF81E4E2D8700A5E235 /* ViewController.swift */; };
		D0E7BBFC1E4E2D8700A5E235 /* Main.storyboard in Resources */ = {isa = PBXBuildFile; fileRef = D0E7BBFA1E4E2D8700A5E235 /* Main.storyboard */; };
		D0E7BBFE1E4E2D8700A5E235 /* Assets.xcassets in Resources */ = {isa = PBXBuildFile; fileRef = D0E7BBFD1E4E2D8700A5E235 /* Assets.xcassets */; };
		D0E7BC011E4E2D8700A5E235 /* LaunchScreen.storyboard in Resources */ = {isa = PBXBuildFile; fileRef = D0E7BBFF1E4E2D8700A5E235 /* LaunchScreen.storyboard */; };
		D0E7BC0C1E4E2D8700A5E235 /* ExampleTests.swift in Sources */ = {isa = PBXBuildFile; fileRef = D0E7BC0B1E4E2D8700A5E235 /* ExampleTests.swift */; };
		D0E7BC171E4E2D8700A5E235 /* ExampleUITests.swift in Sources */ = {isa = PBXBuildFile; fileRef = D0E7BC161E4E2D8700A5E235 /* ExampleUITests.swift */; };
/* End PBXBuildFile section */

/* Begin PBXContainerItemProxy section */
		D0E7BC081E4E2D8700A5E235 /* PBXContainerItemProxy */ = {
			isa = PBXContainerItemProxy;
			containerPortal = D0E7BBEB1E4E2D8700A5E235 /* Project object */;
			proxyType = 1;
			remoteGlobalIDString = D0E7BBF21E4E2D8700A5E235;
			remoteInfo = Example;
		};
		D0E7BC131E4E2D8700A5E235 /* PBXContainerItemProxy */ = {
			isa = PBXContainerItemProxy;
			containerPortal = D0E7BBEB1E4E2D8700A5E235 /* Project object */;
			proxyType = 1;
			remoteGlobalIDString = D0E7BBF21E4E2D8700A5E235;
			remoteInfo = Example;
		};
/* End PBXContainerItemProxy section */

/* Begin PBXFileReference section */
		D0E7BBF31E4E2D8700A5E235 /* Example.app */ = {isa = PBXFileReference; explicitFileType = wrapper.application; includeInIndex = 0; path = Example.app; sourceTree = BUILT_PRODUCTS_DIR; };
		D0E7BBF61E4E2D8700A5E235 /* AppDelegate.swift */ = {isa = PBXFileReference; lastKnownFileType = sourcecode.swift; path = AppDelegate.swift; sourceTree = "<group>"; };
		D0E7BBF81E4E2D8700A5E235 /* ViewController.swift */ = {isa = PBXFileReference; lastKnownFileType = sourcecode.swift; path = ViewController.swift; sourceTree = "<group>"; };
		D0E7BBFB1E4E2D8700A5E235 /* Base */ = {isa = PBXFileReference; lastKnownFileType = file.storyboard; name = Base; path = Base.lproj/Main.storyboard; sourceTree = "<group>"; };
		D0E7BBFD1E4E2D8700A5E235 /* Assets.xcassets */ = {isa = PBXFileReference; lastKnownFileType = folder.assetcatalog; path = Assets.xcassets; sourceTree = "<group>"; };
		D0E7BC001E4E2D8700A5E235 /* Base */ = {isa = PBXFileReference; lastKnownFileType = file.storyboard; name = Base; path = Base.lproj/LaunchScreen.storyboard; sourceTree = "<group>"; };
		D0E7BC021E4E2D8700A5E235 /* Info.plist */ = {isa = PBXFileReference; lastKnownFileType = text.plist.xml; path = Info.plist; sourceTree = "<group>"; };
		D0E7BC071E4E2D8700A5E235 /* ExampleTests.xctest */ = {isa = PBXFileReference; explicitFileType = wrapper.cfbundle; includeInIndex = 0; path = ExampleTests.xctest; sourceTree = BUILT_PRODUCTS_DIR; };
		D0E7BC0B1E4E2D8700A5E235 /* ExampleTests.swift */ = {isa = PBXFileReference; lastKnownFileType = sourcecode.swift; path = ExampleTests.swift; sourceTree = "<group>"; };
		D0E7BC0D1E4E2D8700A5E235 /* Info.plist */ = {isa = PBXFileReference; lastKnownFileType = text.plist.xml; path = Info.plist; sourceTree = "<group>"; };
		D0E7BC121E4E2D8700A5E235 /* ExampleUITests.xctest */ = {isa = PBXFileReference; explicitFileType = wrapper.cfbundle; includeInIndex = 0; path = ExampleUITests.xctest; sourceTree = BUILT_PRODUCTS_DIR; };
		D0E7BC161E4E2D8700A5E235 /* ExampleUITests.swift */ = {isa = PBXFileReference; lastKnownFileType = sourcecode.swift; path = ExampleUITests.swift; sourceTree = "<group>"; };
		D0E7BC181E4E2D8700A5E235 /* Info.plist */ = {isa = PBXFileReference; lastKnownFileType = text.plist.xml; path = Info.plist; sourceTree = "<group>"; };
/* End PBXFileReference section */

/* Begin PBXFrameworksBuildPhase section */
		D0E7BBF01E4E2D8700A5E235 /* Frameworks */ = {
			isa = PBXFrameworksBuildPhase;
			buildActionMask = 2147483647;
			files = (
			);
			runOnlyForDeploymentPostprocessing = 0;
		};
		D0E7BC041E4E2D8700A5E235 /* Frameworks */ = {
			isa = PBXFrameworksBuildPhase;
			buildActionMask = 2147483647;
			files = (
			);
			runOnlyForDeploymentPostprocessing = 0;
		};
		D0E7BC0F1E4E2D8700A5E235 /* Frameworks */ = {
			isa = PBXFrameworksBuildPhase;
			buildActionMask = 2147483647;
			files = (
			);
			runOnlyForDeploymentPostprocessing = 0;
		};
/* End PBXFrameworksBuildPhase section */

/* Begin PBXGroup section */
		D0E7BBEA1E4E2D8700A5E235 = {
			isa = PBXGroup;
			children = (
				D0E7BBF51E4E2D8700A5E235 /* Example */,
				D0E7BC0A1E4E2D8700A5E235 /* ExampleTests */,
				D0E7BC151E4E2D8700A5E235 /* ExampleUITests */,
				D0E7BBF41E4E2D8700A5E235 /* Products */,
			);
			sourceTree = "<group>";
		};
		D0E7BBF41E4E2D8700A5E235 /* Products */ = {
			isa = PBXGroup;
			children = (
				D0E7BBF31E4E2D8700A5E235 /* Example.app */,
				D0E7BC071E4E2D8700A5E235 /* ExampleTests.xctest */,
				D0E7BC121E4E2D8700A5E235 /* ExampleUITests.xctest */,
			);
			name = Products;
			sourceTree = "<group>";
		};
		D0E7BBF51E4E2D8700A5E235 /* Example */ = {
			isa = PBXGroup;
			children = (
				D0E7BBF61E4E2D8700A5E235 /* AppDelegate.swift */,
				D0E7BBF81E4E2D8700A5E235 /* ViewController.swift */,
				D0E7BBFA1E4E2D8700A5E235 /* Main.storyboard */,
				D0E7BBFD1E4E2D8700A5E235 /* Assets.xcassets */,
				D0E7BBFF1E4E2D8700A5E235 /* LaunchScreen.storyboard */,
				D0E7BC021E4E2D8700A5E235 /* Info.plist */,
			);
			path = Example;
			sourceTree = "<group>";
		};
		D0E7BC0A1E4E2D8700A5E235 /* ExampleTests */ = {
			isa = PBXGroup;
			children = (
				D0E7BC0B1E4E2D8700A5E235 /* ExampleTests.swift */,
				D0E7BC0D1E4E2D8700A5E235 /* Info.plist */,
			);
			path = ExampleTests;
			sourceTree = "<group>";
		};
		D0E7BC151E4E2D8700A5E235 /* ExampleUITests */ = {
			isa = PBXGroup;
			children = (
				D0E7BC161E4E2D8700A5E235 /* ExampleUITests.swift */,
				D0E7BC181E4E2D8700A5E235 /* Info.plist */,
			);
			path = ExampleUITests;
			sourceTree = "<group>";
		};
/* End PBXGroup section */

/* Begin PBXNativeTarget section */
		D0E7BBF21E4E2D8700A5E235 /* Example */ = {
			isa = PBXNativeTarget;
			buildConfigurationList = D0E7BC1B1E4E2D8700A5E235 /* Build configuration list for PBXNativeTarget "Example" */;
			buildPhases = (
				D0E7BBEF1E4E2D8700A5E235 /* Sources */,
				D0E7BBF01E4E2D8700A5E235 /* Frameworks */,
				D0E7BBF11E4E2D8700A5E235 /* Resources */,
			);
			buildRules = (
			);
			dependencies = (
			);
			name = Example;
			productName = Example;
			productReference = D0E7BBF31E4E2D8700A5E235 /* Example.app */;
			productType = "com.apple.product-type.application";
		};
		D0E7BC061E4E2D8700A5E235 /* ExampleTests */ = {
			isa = PBXNativeTarget;
			buildConfigurationList = D0E7BC1E1E4E2D8700A5E235 /* Build configuration list for PBXNativeTarget "ExampleTests" */;
			buildPhases = (
				D0E7BC031E4E2D8700A5E235 /* Sources */,
				D0E7BC041E4E2D8700A5E235 /* Frameworks */,
				D0E7BC051E4E2D8700A5E235 /* Resources */,
			);
			buildRules = (
			);
			dependencies = (
				D0E7BC091E4E2D8700A5E235 /* PBXTargetDependency */,
			);
			name = ExampleTests;
			productName = ExampleTests;
			productReference = D0E7BC071E4E2D8700A5E235 /* ExampleTests.xctest */;
			productType = "com.apple.product-type.bundle.unit-test";
		};
		D0E7BC111E4E2D8700A5E235 /* ExampleUITests */ = {
			isa = PBXNativeTarget;
			buildConfigurationList = D0E7BC211E4E2D8700A5E235 /* Build configuration list for PBXNativeTarget "ExampleUITests" */;
			buildPhases = (
				D0E7BC0E1E4E2D8700A5E235 /* Sources */,
				D0E7BC0F1E4E2D8700A5E235 /* Frameworks */,
				D0E7BC101E4E2D8700A5E235 /* Resources */,
			);
			buildRules = (
			);
			dependencies = (
				D0E7BC141E4E2D8700A5E235 /* PBXTargetDependency */,
			);
			name = ExampleUITests;
			productName = ExampleUITests;
			productReference = D0E7BC121E4E2D8700A5E235 /* ExampleUITests.xctest */;
			productType = "com.apple.product-type.bundle.ui-testing";
		};
/* End PBXNativeTarget section */

/* Begin PBXProject section */
		D0E7BBEB1E4E2D8700A5E235 /* Project object */ = {
			isa = PBXProject;
			attributes = {
				LastSwiftUpdateCheck = 0810;
				LastUpgradeCheck = 0810;
				ORGANIZATIONNAME = Kueper;
				TargetAttributes = {
					D0E7BBF21E4E2D8700A5E235 = {
						CreatedOnToolsVersion = 8.1;
						DevelopmentTeam = 9353X7X97H;
						ProvisioningStyle = Automatic;
					};
					D0E7BC061E4E2D8700A5E235 = {
						CreatedOnToolsVersion = 8.1;
						DevelopmentTeam = 9353X7X97H;
						ProvisioningStyle = Automatic;
						TestTargetID = D0E7BBF21E4E2D8700A5E235;
					};
					D0E7BC111E4E2D8700A5E235 = {
						CreatedOnToolsVersion = 8.1;
						DevelopmentTeam = 9353X7X97H;
						ProvisioningStyle = Automatic;
						TestTargetID = D0E7BBF21E4E2D8700A5E235;
					};
				};
			};
			buildConfigurationList = D0E7BBEE1E4E2D8700A5E235 /* Build configuration list for PBXProject "Example" */;
			compatibilityVersion = "Xcode 3.2";
			developmentRegion = English;
			hasScannedForEncodings = 0;
			knownRegions = (
				en,
				Base,
			);
			mainGroup = D0E7BBEA1E4E2D8700A5E235;
			productRefGroup = D0E7BBF41E4E2D8700A5E235 /* Products */;
			projectDirPath = "";
			projectRoot = "";
			targets = (
				D0E7BBF21E4E2D8700A5E235 /* Example */,
				D0E7BC061E4E2D8700A5E235 /* ExampleTests */,
				D0E7BC111E4E2D8700A5E235 /* ExampleUITests */,
			);
		};
/* End PBXProject section */

/* Begin PBXResourcesBuildPhase section */
		D0E7BBF11E4E2D8700A5E235 /* Resources */ = {
			isa = PBXResourcesBuildPhase;
			buildActionMask = 2147483647;
			files = (
				D0E7BC011E4E2D8700A5E235 /* LaunchScreen.storyboard in Resources */,
				D0E7BBFE1E4E2D8700A5E235 /* Assets.xcassets in Resources */,
				D0E7BBFC1E4E2D8700A5E235 /* Main.storyboard in Resources */,
			);
			runOnlyForDeploymentPostprocessing = 0;
		};
		D0E7BC051E4E2D8700A5E235 /* Resources */ = {
			isa = PBXResourcesBuildPhase;
			buildActionMask = 2147483647;
			files = (
			);
			runOnlyForDeploymentPostprocessing = 0;
		};
		D0E7BC101E4E2D8700A5E235 /* Resources */ = {
			isa = PBXResourcesBuildPhase;
			buildActionMask = 2147483647;
			files = (
			);
			runOnlyForDeploymentPostprocessing = 0;
		};
/* End PBXResourcesBuildPhase section */

/* Begin PBXSourcesBuildPhase section */
		D0E7BBEF1E4E2D8700A5E235 /* Sources */ = {
			isa = PBXSourcesBuildPhase;
			buildActionMask = 2147483647;
			files = (
				D0E7BBF91E4E2D8700A5E235 /* ViewController.swift in Sources */,
				D0E7BBF71E4E2D8700A5E235 /* AppDelegate.swift in Sources */,
			);
			runOnlyForDeploymentPostprocessing = 0;
		};
		D0E7BC031E4E2D8700A5E235 /* Sources */ = {
			isa = PBXSourcesBuildPhase;
			buildActionMask = 2147483647;
			files = (
				D0E7BC0C1E4E2D8700A5E235 /* ExampleTests.swift in Sources */,
			);
			runOnlyForDeploymentPostprocessing = 0;
		};
		D0E7BC0E1E4E2D8700A5E235 /* Sources */ = {
			isa = PBXSourcesBuildPhase;
			buildActionMask = 2147483647;
			files = (
				D0E7BC171E4E2D8700A5E235 /* ExampleUITests.swift in Sources */,
			);
			runOnlyForDeploymentPostprocessing = 0;
		};
/* End PBXSourcesBuildPhase section */

/* Begin PBXTargetDependency section */
		D0E7BC091E4E2D8700A5E235 /* PBXTargetDependency */ = {
			isa = PBXTargetDependency;
			target = D0E7BBF21E4E2D8700A5E235 /* Example */;
			targetProxy = D0E7BC081E4E2D8700A5E235 /* PBXContainerItemProxy */;
		};
		D0E7BC141E4E2D8700A5E235 /* PBXTargetDependency */ = {
			isa = PBXTargetDependency;
			target = D0E7BBF21E4E2D8700A5E235 /* Example */;
			targetProxy = D0E7BC131E4E2D8700A5E235 /* PBXContainerItemProxy */;
		};
/* End PBXTargetDependency section */

/* Begin PBXVariantGroup section */
		D0E7BBFA1E4E2D8700A5E235 /* Main.storyboard */ = {
			isa = PBXVariantGroup;
			children = (
				D0E7BBFB1E4E2D8700A5E235 /* Base */,
			);
			name = Main.storyboard;
			sourceTree = "<group>";
		};
		D0E7BBFF1E4E2D8700A5E235 /* LaunchScreen.storyboard */ = {
			isa = PBXVariantGroup;
			children = (
				D0E7BC001E4E2D8700A5E235 /* Base */,
			);
			name = LaunchScreen.storyboard;
			sourceTree = "<group>";
		};
/* End PBXVariantGroup section */

/* Begin XCBuildConfiguration section */
		D0E7BC191E4E2D8700A5E235 /* Debug */ = {
			isa = XCBuildConfiguration;
			buildSettings = {
				ALWAYS_SEARCH_USER_PATHS = NO;
				CLANG_ANALYZER_NONNULL = YES;
				CLANG_CXX_LANGUAGE_STANDARD = "gnu++0x";
				CLANG_CXX_LIBRARY = "libc++";
				CLANG_ENABLE_MODULES = YES;
				CLANG_ENABLE_OBJC_ARC = YES;
				CLANG_WARN_BOOL_CONVERSION = YES;
				CLANG_WARN_CONSTANT_CONVERSION = YES;
				CLANG_WARN_DIRECT_OBJC_ISA_USAGE = YES_ERROR;
				CLANG_WARN_DOCUMENTATION_COMMENTS = YES;
				CLANG_WARN_EMPTY_BODY = YES;
				CLANG_WARN_ENUM_CONVERSION = YES;
				CLANG_WARN_INFINITE_RECURSION = YES;
				CLANG_WARN_INT_CONVERSION = YES;
				CLANG_WARN_OBJC_ROOT_CLASS = YES_ERROR;
				CLANG_WARN_SUSPICIOUS_MOVES = YES;
				CLANG_WARN_UNREACHABLE_CODE = YES;
				CLANG_WARN__DUPLICATE_METHOD_MATCH = YES;
				"CODE_SIGN_IDENTITY[sdk=iphoneos*]" = "iPhone Developer";
				COPY_PHASE_STRIP = NO;
				DEBUG_INFORMATION_FORMAT = dwarf;
				ENABLE_STRICT_OBJC_MSGSEND = YES;
				ENABLE_TESTABILITY = YES;
				GCC_C_LANGUAGE_STANDARD = gnu99;
				GCC_DYNAMIC_NO_PIC = NO;
				GCC_NO_COMMON_BLOCKS = YES;
				GCC_OPTIMIZATION_LEVEL = 0;
				GCC_PREPROCESSOR_DEFINITIONS = (
					"DEBUG=1",
					"$(inherited)",
				);
				GCC_WARN_64_TO_32_BIT_CONVERSION = YES;
				GCC_WARN_ABOUT_RETURN_TYPE = YES_ERROR;
				GCC_WARN_UNDECLARED_SELECTOR = YES;
				GCC_WARN_UNINITIALIZED_AUTOS = YES_AGGRESSIVE;
				GCC_WARN_UNUSED_FUNCTION = YES;
				GCC_WARN_UNUSED_VARIABLE = YES;
				IPHONEOS_DEPLOYMENT_TARGET = 10.1;
				MTL_ENABLE_DEBUG_INFO = YES;
				ONLY_ACTIVE_ARCH = YES;
				SDKROOT = iphoneos;
				SWIFT_ACTIVE_COMPILATION_CONDITIONS = DEBUG;
				SWIFT_OPTIMIZATION_LEVEL = "-Onone";
				TARGETED_DEVICE_FAMILY = "1,2";
			};
			name = Debug;
		};
		D0E7BC1A1E4E2D8700A5E235 /* Release */ = {
			isa = XCBuildConfiguration;
			buildSettings = {
				ALWAYS_SEARCH_USER_PATHS = NO;
				CLANG_ANALYZER_NONNULL = YES;
				CLANG_CXX_LANGUAGE_STANDARD = "gnu++0x";
				CLANG_CXX_LIBRARY = "libc++";
				CLANG_ENABLE_MODULES = YES;
				CLANG_ENABLE_OBJC_ARC = YES;
				CLANG_WARN_BOOL_CONVERSION = YES;
				CLANG_WARN_CONSTANT_CONVERSION = YES;
				CLANG_WARN_DIRECT_OBJC_ISA_USAGE = YES_ERROR;
				CLANG_WARN_DOCUMENTATION_COMMENTS = YES;
				CLANG_WARN_EMPTY_BODY = YES;
				CLANG_WARN_ENUM_CONVERSION = YES;
				CLANG_WARN_INFINITE_RECURSION = YES;
				CLANG_WARN_INT_CONVERSION = YES;
				CLANG_WARN_OBJC_ROOT_CLASS = YES_ERROR;
				CLANG_WARN_SUSPICIOUS_MOVES = YES;
				CLANG_WARN_UNREACHABLE_CODE = YES;
				CLANG_WARN__DUPLICATE_METHOD_MATCH = YES;
				"CODE_SIGN_IDENTITY[sdk=iphoneos*]" = "iPhone Developer";
				COPY_PHASE_STRIP = NO;
				DEBUG_INFORMATION_FORMAT = "dwarf-with-dsym";
				ENABLE_NS_ASSERTIONS = NO;
				ENABLE_STRICT_OBJC_MSGSEND = YES;
				GCC_C_LANGUAGE_STANDARD = gnu99;
				GCC_NO_COMMON_BLOCKS = YES;
				GCC_WARN_64_TO_32_BIT_CONVERSION = YES;
				GCC_WARN_ABOUT_RETURN_TYPE = YES_ERROR;
				GCC_WARN_UNDECLARED_SELECTOR = YES;
				GCC_WARN_UNINITIALIZED_AUTOS = YES_AGGRESSIVE;
				GCC_WARN_UNUSED_FUNCTION = YES;
				GCC_WARN_UNUSED_VARIABLE = YES;
				IPHONEOS_DEPLOYMENT_TARGET = 10.1;
				MTL_ENABLE_DEBUG_INFO = NO;
				SDKROOT = iphoneos;
				SWIFT_OPTIMIZATION_LEVEL = "-Owholemodule";
				TARGETED_DEVICE_FAMILY = "1,2";
				VALIDATE_PRODUCT = YES;
			};
			name = Release;
		};
		D0E7BC1C1E4E2D8700A5E235 /* Debug */ = {
			isa = XCBuildConfiguration;
			buildSettings = {
				ASSETCATALOG_COMPILER_APPICON_NAME = AppIcon;
				DEVELOPMENT_TEAM = 9353X7X97H;
				INFOPLIST_FILE = Example/Info.plist;
				LD_RUNPATH_SEARCH_PATHS = "$(inherited) @executable_path/Frameworks";
				PRODUCT_BUNDLE_IDENTIFIER = com.Kueper.Example;
				PRODUCT_NAME = "$(TARGET_NAME)";
				SWIFT_VERSION = 3.0;
			};
			name = Debug;
		};
		D0E7BC1D1E4E2D8700A5E235 /* Release */ = {
			isa = XCBuildConfiguration;
			buildSettings = {
				ASSETCATALOG_COMPILER_APPICON_NAME = AppIcon;
				DEVELOPMENT_TEAM = 9353X7X97H;
				INFOPLIST_FILE = Example/Info.plist;
				LD_RUNPATH_SEARCH_PATHS = "$(inherited) @executable_path/Frameworks";
				PRODUCT_BUNDLE_IDENTIFIER = com.Kueper.Example;
				PRODUCT_NAME = "$(TARGET_NAME)";
				SWIFT_VERSION = 3.0;
			};
			name = Release;
		};
		D0E7BC1F1E4E2D8700A5E235 /* Debug */ = {
			isa = XCBuildConfiguration;
			buildSettings = {
				ALWAYS_EMBED_SWIFT_STANDARD_LIBRARIES = YES;
				BUNDLE_LOADER = "$(TEST_HOST)";
				DEVELOPMENT_TEAM = 9353X7X97H;
				INFOPLIST_FILE = ExampleTests/Info.plist;
				LD_RUNPATH_SEARCH_PATHS = "$(inherited) @executable_path/Frameworks @loader_path/Frameworks";
				PRODUCT_BUNDLE_IDENTIFIER = com.Kueper.ExampleTests;
				PRODUCT_NAME = "$(TARGET_NAME)";
				SWIFT_VERSION = 3.0;
				TEST_HOST = "$(BUILT_PRODUCTS_DIR)/Example.app/Example";
			};
			name = Debug;
		};
		D0E7BC201E4E2D8700A5E235 /* Release */ = {
			isa = XCBuildConfiguration;
			buildSettings = {
				ALWAYS_EMBED_SWIFT_STANDARD_LIBRARIES = YES;
				BUNDLE_LOADER = "$(TEST_HOST)";
				DEVELOPMENT_TEAM = 9353X7X97H;
				INFOPLIST_FILE = ExampleTests/Info.plist;
				LD_RUNPATH_SEARCH_PATHS = "$(inherited) @executable_path/Frameworks @loader_path/Frameworks";
				PRODUCT_BUNDLE_IDENTIFIER = com.Kueper.ExampleTests;
				PRODUCT_NAME = "$(TARGET_NAME)";
				SWIFT_VERSION = 3.0;
				TEST_HOST = "$(BUILT_PRODUCTS_DIR)/Example.app/Example";
			};
			name = Release;
		};
		D0E7BC221E4E2D8700A5E235 /* Debug */ = {
			isa = XCBuildConfiguration;
			buildSettings = {
				ALWAYS_EMBED_SWIFT_STANDARD_LIBRARIES = YES;
				DEVELOPMENT_TEAM = 9353X7X97H;
				INFOPLIST_FILE = ExampleUITests/Info.plist;
				LD_RUNPATH_SEARCH_PATHS = "$(inherited) @executable_path/Frameworks @loader_path/Frameworks";
				PRODUCT_BUNDLE_IDENTIFIER = com.Kueper.ExampleUITests;
				PRODUCT_NAME = "$(TARGET_NAME)";
				SWIFT_VERSION = 3.0;
				TEST_TARGET_NAME = Example;
			};
			name = Debug;
		};
		D0E7BC231E4E2D8700A5E235 /* Release */ = {
			isa = XCBuildConfiguration;
			buildSettings = {
				ALWAYS_EMBED_SWIFT_STANDARD_LIBRARIES = YES;
				DEVELOPMENT_TEAM = 9353X7X97H;
				INFOPLIST_FILE = ExampleUITests/Info.plist;
				LD_RUNPATH_SEARCH_PATHS = "$(inherited) @executable_path/Frameworks @loader_path/Frameworks";
				PRODUCT_BUNDLE_IDENTIFIER = com.Kueper.ExampleUITests;
				PRODUCT_NAME = "$(TARGET_NAME)";
				SWIFT_VERSION = 3.0;
				TEST_TARGET_NAME = Example;
			};
			name = Release;
		};
/* End XCBuildConfiguration section */

/* Begin XCConfigurationList section */
		D0E7BBEE1E4E2D8700A5E235 /* Build configuration list for PBXProject "Example" */ = {
			isa = XCConfigurationList;
			buildConfigurations = (
				D0E7BC191E4E2D8700A5E235 /* Debug */,
				D0E7BC1A1E4E2D8700A5E235 /* Release */,
			);
			defaultConfigurationIsVisible = 0;
			defaultConfigurationName = Release;
		};
		D0E7BC1B1E4E2D8700A5E235 /* Build configuration list for PBXNativeTarget "Example" */ = {
			isa = XCConfigurationList;
			buildConfigurations = (
				D0E7BC1C1E4E2D8700A5E235 /* Debug */,
				D0E7BC1D1E4E2D8700A5E235 /* Release */,
			);
			defaultConfigurationIsVisible = 0;
		};
		D0E7BC1E1E4E2D8700A5E235 /* Build configuration list for PBXNativeTarget "ExampleTests" */ = {
			isa = XCConfigurationList;
			buildConfigurations = (
				D0E7BC1F1E4E2D8700A5E235 /* Debug */,
				D0E7BC201E4E2D8700A5E235 /* Release */,
			);
			defaultConfigurationIsVisible = 0;
		};
		D0E7BC211E4E2D8700A5E235 /* Build configuration list for PBXNativeTarget "ExampleUITests" */ = {
			isa = XCConfigurationList;
			buildConfigurations = (
				D0E7BC221E4E2D8700A5E235 /* Debug */,
				D0E7BC231E4E2D8700A5E235 /* Release */,
			);
			defaultConfigurationIsVisible = 0;
		};
/* End XCConfigurationList section */
	};
	rootObject = D0E7BBEB1E4E2D8700A5E235 /* Project object */;
}
